
Microsoft Visual Studio Solution File, Format Version 12.00
# Visual Studio Version 18
VisualStudioVersion = 18.0.11201.2 d18.0
MinimumVisualStudioVersion = 10.0.40219.1
Project("{FAE04EC0-301F-11D3-BF4B-00C04F79EFBC}") = "MedicalProject", "MedicalProject\MedicalProject.csproj", "{57A9F2A2-C3BB-4C7A-86B2-93F4A8251261}"
EndProject
Global
	GlobalSection(SolutionConfigurationPlatforms) = preSolution
		Debug|Any CPU = Debug|Any CPU
		Release|Any CPU = Release|Any CPU
	EndGlobalSection
	GlobalSection(ProjectConfigurationPlatforms) = postSolution
		{57A9F2A2-C3BB-4C7A-86B2-93F4A8251261}.Debug|Any CPU.ActiveCfg = Debug|Any CPU
		{57A9F2A2-C3BB-4C7A-86B2-93F4A8251261}.Debug|Any CPU.Build.0 = Debug|Any CPU
		{57A9F2A2-C3BB-4C7A-86B2-93F4A8251261}.Release|Any CPU.ActiveCfg = Release|Any CPU
		{57A9F2A2-C3BB-4C7A-86B2-93F4A8251261}.Release|Any CPU.Build.0 = Release|Any CPU
	EndGlobalSection
	GlobalSection(SolutionProperties) = preSolution
		HideSolutionNode = FALSE
	EndGlobalSection
	GlobalSection(ExtensibilityGlobals) = postSolution
		SolutionGuid = {C5C230DD-1E12-4A49-B08A-F47F03057284}
	EndGlobalSection
EndGlobal
